
Microsoft Visual Studio Solution File, Format Version 12.00
# Visual Studio Version 16
VisualStudioVersion = 16.0.30523.141
MinimumVisualStudioVersion = 10.0.40219.1
Project("{FAE04EC0-301F-11D3-BF4B-00C04F79EFBC}") = "Unfair Search Space", "Unfair Search Space\Unfair Search Space.csproj", "{D09CDC47-7EAB-489F-BA1C-042CDD21730C}"
EndProject
Global
	GlobalSection(SolutionConfigurationPlatforms) = preSolution
		Debug|Any CPU = Debug|Any CPU
		Release|Any CPU = Release|Any CPU
	EndGlobalSection
	GlobalSection(ProjectConfigurationPlatforms) = postSolution
		{D09CDC47-7EAB-489F-BA1C-042CDD21730C}.Debug|Any CPU.ActiveCfg = Debug|Any CPU
		{D09CDC47-7EAB-489F-BA1C-042CDD21730C}.Debug|Any CPU.Build.0 = Debug|Any CPU
		{D09CDC47-7EAB-489F-BA1C-042CDD21730C}.Release|Any CPU.ActiveCfg = Release|Any CPU
		{D09CDC47-7EAB-489F-BA1C-042CDD21730C}.Release|Any CPU.Build.0 = Release|Any CPU
	EndGlobalSection
	GlobalSection(SolutionProperties) = preSolution
		HideSolutionNode = FALSE
	EndGlobalSection
	GlobalSection(ExtensibilityGlobals) = postSolution
		SolutionGuid = {5CBF745B-E1E8-4257-9662-B4205FCE4777}
	EndGlobalSection
EndGlobal
